{
  "name": "eco-app",
  "version": "1.0.0",
  "lockfileVersion": 3,
  "requires": true,
  "packages": {
    "": {
      "name": "eco-app",
      "version": "1.0.0",
      "license": "MIT",
      "dependencies": {
        "eco-lib": "file:../eco-lib"
      }
    },
    "../eco-lib": {
      "version": "1.0.0",
      "license": "MIT"
    },
    "node_modules/eco-lib": {
      "resolved": "../eco-lib",
      "link": true
    }
  }
}
